// !$*UTF8*$!
{
	archiveVersion = 1;
	classes = {
	};
	objectVersion = 48;
	objects = {

/* Begin PBXBuildFile section */
		A938167D207CFF1D00633284 /* AppDelegate.m in Sources */ = {isa = PBXBuildFile; fileRef = A938167C207CFF1D00633284 /* AppDelegate.m */; };
		A9381680207CFF1D00633284 /* ViewController.m in Sources */ = {isa = PBXBuildFile; fileRef = A938167F207CFF1D00633284 /* ViewController.m */; };
		A9381683207CFF1D00633284 /* Main.storyboard in Resources */ = {isa = PBXBuildFile; fileRef = A9381681207CFF1D00633284 /* Main.storyboard */; };
		A9381685207CFF1D00633284 /* Assets.xcassets in Resources */ = {isa = PBXBuildFile; fileRef = A9381684207CFF1D00633284 /* Assets.xcassets */; };
		A9381688207CFF1D00633284 /* LaunchScreen.storyboard in Resources */ = {isa = PBXBuildFile; fileRef = A9381686207CFF1D00633284 /* LaunchScreen.storyboard */; };
		A938168B207CFF1D00633284 /* main.m in Sources */ = {isa = PBXBuildFile; fileRef = A938168A207CFF1D00633284 /* main.m */; };
		A93816B6207D1B3A00633284 /* MBProgressHUD.m in Sources */ = {isa = PBXBuildFile; fileRef = A93816B3207D1B3A00633284 /* MBProgressHUD.m */; };
		A93816B7207D1B3A00633284 /* MBProgressHUD+NHAdd.m in Sources */ = {isa = PBXBuildFile; fileRef = A93816B5207D1B3A00633284 /* MBProgressHUD+NHAdd.m */; };
		A93816D3207D218700633284 /* NSLayoutConstraint+MASDebugAdditions.m in Sources */ = {isa = PBXBuildFile; fileRef = A93816BA207D218700633284 /* NSLayoutConstraint+MASDebugAdditions.m */; };
		A93816D4207D218700633284 /* ViewController+MASAdditions.m in Sources */ = {isa = PBXBuildFile; fileRef = A93816C3207D218700633284 /* ViewController+MASAdditions.m */; };
		A93816D5207D218700633284 /* MASCompositeConstraint.m in Sources */ = {isa = PBXBuildFile; fileRef = A93816C7207D218700633284 /* MASCompositeConstraint.m */; };
		A93816D6207D218700633284 /* MASConstraintMaker.m in Sources */ = {isa = PBXBuildFile; fileRef = A93816C8207D218700633284 /* MASConstraintMaker.m */; };
		A93816D7207D218700633284 /* MASLayoutConstraint.m in Sources */ = {isa = PBXBuildFile; fileRef = A93816C9207D218700633284 /* MASLayoutConstraint.m */; };
		A93816D8207D218700633284 /* NSArray+MASAdditions.m in Sources */ = {isa = PBXBuildFile; fileRef = A93816CA207D218700633284 /* NSArray+MASAdditions.m */; };
		A93816D9207D218700633284 /* View+MASAdditions.m in Sources */ = {isa = PBXBuildFile; fileRef = A93816CB207D218700633284 /* View+MASAdditions.m */; };
		A93816DA207D218700633284 /* MASConstraint.m in Sources */ = {isa = PBXBuildFile; fileRef = A93816CE207D218700633284 /* MASConstraint.m */; };
		A93816DB207D218700633284 /* MASViewConstraint.m in Sources */ = {isa = PBXBuildFile; fileRef = A93816D0207D218700633284 /* MASViewConstraint.m */; };
		A93816DC207D218700633284 /* MASViewAttribute.m in Sources */ = {isa = PBXBuildFile; fileRef = A93816D1207D218700633284 /* MASViewAttribute.m */; };
		A93816DD207D218700633284 /* Info.plist in Resources */ = {isa = PBXBuildFile; fileRef = A93816D2207D218700633284 /* Info.plist */; };
		A93816E0207D25E100633284 /* XXBaseViewController.m in Sources */ = {isa = PBXBuildFile; fileRef = A93816DE207D25E100633284 /* XXBaseViewController.m */; };
		A93816E52084CAD900633284 /* ShopCycleSelectCell.m in Sources */ = {isa = PBXBuildFile; fileRef = A93816E32084CAD900633284 /* ShopCycleSelectCell.m */; };
		A93816E62084CAD900633284 /* ShopCycleSelectCell.xib in Resources */ = {isa = PBXBuildFile; fileRef = A93816E42084CAD900633284 /* ShopCycleSelectCell.xib */; };
		A93816F52084CEDC00633284 /* ShopStartTimeView.m in Sources */ = {isa = PBXBuildFile; fileRef = A93816EC2084CEDC00633284 /* ShopStartTimeView.m */; };
		A93816F62084CEDC00633284 /* ShopCycleSelectHeaderView.m in Sources */ = {isa = PBXBuildFile; fileRef = A93816ED2084CEDC00633284 /* ShopCycleSelectHeaderView.m */; };
		A93816F72084CEDC00633284 /* ShopCycleSelectVC.m in Sources */ = {isa = PBXBuildFile; fileRef = A93816EE2084CEDC00633284 /* ShopCycleSelectVC.m */; };
		A93816F82084CEDC00633284 /* ShopTimeSelectTool.m in Sources */ = {isa = PBXBuildFile; fileRef = A93816EF2084CEDC00633284 /* ShopTimeSelectTool.m */; };
		A93817092084F59D00633284 /* AFURLResponseSerialization.m in Sources */ = {isa = PBXBuildFile; fileRef = A93816FF2084F59D00633284 /* AFURLResponseSerialization.m */; };
		A938170A2084F59D00633284 /* AFHTTPSessionManager.m in Sources */ = {isa = PBXBuildFile; fileRef = A93817002084F59D00633284 /* AFHTTPSessionManager.m */; };
		A938170B2084F59D00633284 /* AFURLSessionManager.m in Sources */ = {isa = PBXBuildFile; fileRef = A93817022084F59D00633284 /* AFURLSessionManager.m */; };
		A938170C2084F59D00633284 /* AFURLRequestSerialization.m in Sources */ = {isa = PBXBuildFile; fileRef = A93817032084F59D00633284 /* AFURLRequestSerialization.m */; };
		A938170D2084F59D00633284 /* AFNetworkReachabilityManager.m in Sources */ = {isa = PBXBuildFile; fileRef = A93817052084F59D00633284 /* AFNetworkReachabilityManager.m */; };
		A938170E2084F59D00633284 /* AFSecurityPolicy.m in Sources */ = {isa = PBXBuildFile; fileRef = A93817062084F59D00633284 /* AFSecurityPolicy.m */; };
/* End PBXBuildFile section */

/* Begin PBXFileReference section */
		A9381678207CFF1D00633284 /* ARSelectionCycle.app */ = {isa = PBXFileReference; explicitFileType = wrapper.application; includeInIndex = 0; path = ARSelectionCycle.app; sourceTree = BUILT_PRODUCTS_DIR; };
		A938167B207CFF1D00633284 /* AppDelegate.h */ = {isa = PBXFileReference; lastKnownFileType = sourcecode.c.h; path = AppDelegate.h; sourceTree = "<group>"; };
		A938167C207CFF1D00633284 /* AppDelegate.m */ = {isa = PBXFileReference; lastKnownFileType = sourcecode.c.objc; path = AppDelegate.m; sourceTree = "<group>"; };
		A938167E207CFF1D00633284 /* ViewController.h */ = {isa = PBXFileReference; lastKnownFileType = sourcecode.c.h; path = ViewController.h; sourceTree = "<group>"; };
		A938167F207CFF1D00633284 /* ViewController.m */ = {isa = PBXFileReference; lastKnownFileType = sourcecode.c.objc; path = ViewController.m; sourceTree = "<group>"; };
		A9381682207CFF1D00633284 /* Base */ = {isa = PBXFileReference; lastKnownFileType = file.storyboard; name = Base; path = Base.lproj/Main.storyboard; sourceTree = "<group>"; };
		A9381684207CFF1D00633284 /* Assets.xcassets */ = {isa = PBXFileReference; lastKnownFileType = folder.assetcatalog; path = Assets.xcassets; sourceTree = "<group>"; };
		A9381687207CFF1D00633284 /* Base */ = {isa = PBXFileReference; lastKnownFileType = file.storyboard; name = Base; path = Base.lproj/LaunchScreen.storyboard; sourceTree = "<group>"; };
		A9381689207CFF1D00633284 /* Info.plist */ = {isa = PBXFileReference; lastKnownFileType = text.plist.xml; path = Info.plist; sourceTree = "<group>"; };
		A938168A207CFF1D00633284 /* main.m */ = {isa = PBXFileReference; lastKnownFileType = sourcecode.c.objc; path = main.m; sourceTree = "<group>"; };
		A9381691207CFFE500633284 /* PrefixHeader.pch */ = {isa = PBXFileReference; lastKnownFileType = sourcecode.c.h; path = PrefixHeader.pch; sourceTree = "<group>"; };
		A93816B0207D1B3A00633284 /* MBProgressHUD_NHExtend.h */ = {isa = PBXFileReference; fileEncoding = 4; lastKnownFileType = sourcecode.c.h; path = MBProgressHUD_NHExtend.h; sourceTree = "<group>"; };
		A93816B1207D1B3A00633284 /* MBProgressHUD+NHAdd.h */ = {isa = PBXFileReference; fileEncoding = 4; lastKnownFileType = sourcecode.c.h; path = "MBProgressHUD+NHAdd.h"; sourceTree = "<group>"; };
		A93816B3207D1B3A00633284 /* MBProgressHUD.m */ = {isa = PBXFileReference; fileEncoding = 4; lastKnownFileType = sourcecode.c.objc; path = MBProgressHUD.m; sourceTree = "<group>"; };
		A93816B4207D1B3A00633284 /* MBProgressHUD.h */ = {isa = PBXFileReference; fileEncoding = 4; lastKnownFileType = sourcecode.c.h; path = MBProgressHUD.h; sourceTree = "<group>"; };
		A93816B5207D1B3A00633284 /* MBProgressHUD+NHAdd.m */ = {isa = PBXFileReference; fileEncoding = 4; lastKnownFileType = sourcecode.c.objc; path = "MBProgressHUD+NHAdd.m"; sourceTree = "<group>"; };
		A93816B9207D218700633284 /* MASCompositeConstraint.h */ = {isa = PBXFileReference; fileEncoding = 4; lastKnownFileType = sourcecode.c.h; path = MASCompositeConstraint.h; sourceTree = "<group>"; };
		A93816BA207D218700633284 /* NSLayoutConstraint+MASDebugAdditions.m */ = {isa = PBXFileReference; fileEncoding = 4; lastKnownFileType = sourcecode.c.objc; path = "NSLayoutConstraint+MASDebugAdditions.m"; sourceTree = "<group>"; };
		A93816BB207D218700633284 /* MASConstraint+Private.h */ = {isa = PBXFileReference; fileEncoding = 4; lastKnownFileType = sourcecode.c.h; path = "MASConstraint+Private.h"; sourceTree = "<group>"; };
		A93816BC207D218700633284 /* MASLayoutConstraint.h */ = {isa = PBXFileReference; fileEncoding = 4; lastKnownFileType = sourcecode.c.h; path = MASLayoutConstraint.h; sourceTree = "<group>"; };
		A93816BD207D218700633284 /* NSArray+MASShorthandAdditions.h */ = {isa = PBXFileReference; fileEncoding = 4; lastKnownFileType = sourcecode.c.h; path = "NSArray+MASShorthandAdditions.h"; sourceTree = "<group>"; };
		A93816BE207D218700633284 /* MASConstraintMaker.h */ = {isa = PBXFileReference; fileEncoding = 4; lastKnownFileType = sourcecode.c.h; path = MASConstraintMaker.h; sourceTree = "<group>"; };
		A93816BF207D218700633284 /* View+MASAdditions.h */ = {isa = PBXFileReference; fileEncoding = 4; lastKnownFileType = sourcecode.c.h; path = "View+MASAdditions.h"; sourceTree = "<group>"; };
		A93816C0207D218700633284 /* NSArray+MASAdditions.h */ = {isa = PBXFileReference; fileEncoding = 4; lastKnownFileType = sourcecode.c.h; path = "NSArray+MASAdditions.h"; sourceTree = "<group>"; };
		A93816C1207D218700633284 /* MASUtilities.h */ = {isa = PBXFileReference; fileEncoding = 4; lastKnownFileType = sourcecode.c.h; path = MASUtilities.h; sourceTree = "<group>"; };
		A93816C2207D218700633284 /* MASViewAttribute.h */ = {isa = PBXFileReference; fileEncoding = 4; lastKnownFileType = sourcecode.c.h; path = MASViewAttribute.h; sourceTree = "<group>"; };
		A93816C3207D218700633284 /* ViewController+MASAdditions.m */ = {isa = PBXFileReference; fileEncoding = 4; lastKnownFileType = sourcecode.c.objc; path = "ViewController+MASAdditions.m"; sourceTree = "<group>"; };
		A93816C4207D218700633284 /* MASViewConstraint.h */ = {isa = PBXFileReference; fileEncoding = 4; lastKnownFileType = sourcecode.c.h; path = MASViewConstraint.h; sourceTree = "<group>"; };
		A93816C5207D218700633284 /* MASConstraint.h */ = {isa = PBXFileReference; fileEncoding = 4; lastKnownFileType = sourcecode.c.h; path = MASConstraint.h; sourceTree = "<group>"; };
		A93816C6207D218700633284 /* NSLayoutConstraint+MASDebugAdditions.h */ = {isa = PBXFileReference; fileEncoding = 4; lastKnownFileType = sourcecode.c.h; path = "NSLayoutConstraint+MASDebugAdditions.h"; sourceTree = "<group>"; };
		A93816C7207D218700633284 /* MASCompositeConstraint.m */ = {isa = PBXFileReference; fileEncoding = 4; lastKnownFileType = sourcecode.c.objc; path = MASCompositeConstraint.m; sourceTree = "<group>"; };
		A93816C8207D218700633284 /* MASConstraintMaker.m */ = {isa = PBXFileReference; fileEncoding = 4; lastKnownFileType = sourcecode.c.objc; path = MASConstraintMaker.m; sourceTree = "<group>"; };
		A93816C9207D218700633284 /* MASLayoutConstraint.m */ = {isa = PBXFileReference; fileEncoding = 4; lastKnownFileType = sourcecode.c.objc; path = MASLayoutConstraint.m; sourceTree = "<group>"; };
		A93816CA207D218700633284 /* NSArray+MASAdditions.m */ = {isa = PBXFileReference; fileEncoding = 4; lastKnownFileType = sourcecode.c.objc; path = "NSArray+MASAdditions.m"; sourceTree = "<group>"; };
		A93816CB207D218700633284 /* View+MASAdditions.m */ = {isa = PBXFileReference; fileEncoding = 4; lastKnownFileType = sourcecode.c.objc; path = "View+MASAdditions.m"; sourceTree = "<group>"; };
		A93816CC207D218700633284 /* View+MASShorthandAdditions.h */ = {isa = PBXFileReference; fileEncoding = 4; lastKnownFileType = sourcecode.c.h; path = "View+MASShorthandAdditions.h"; sourceTree = "<group>"; };
		A93816CD207D218700633284 /* Masonry.h */ = {isa = PBXFileReference; fileEncoding = 4; lastKnownFileType = sourcecode.c.h; path = Masonry.h; sourceTree = "<group>"; };
		A93816CE207D218700633284 /* MASConstraint.m */ = {isa = PBXFileReference; fileEncoding = 4; lastKnownFileType = sourcecode.c.objc; path = MASConstraint.m; sourceTree = "<group>"; };
		A93816CF207D218700633284 /* ViewController+MASAdditions.h */ = {isa = PBXFileReference; fileEncoding = 4; lastKnownFileType = sourcecode.c.h; path = "ViewController+MASAdditions.h"; sourceTree = "<group>"; };
		A93816D0207D218700633284 /* MASViewConstraint.m */ = {isa = PBXFileReference; fileEncoding = 4; lastKnownFileType = sourcecode.c.objc; path = MASViewConstraint.m; sourceTree = "<group>"; };
		A93816D1207D218700633284 /* MASViewAttribute.m */ = {isa = PBXFileReference; fileEncoding = 4; lastKnownFileType = sourcecode.c.objc; path = MASViewAttribute.m; sourceTree = "<group>"; };
		A93816D2207D218700633284 /* Info.plist */ = {isa = PBXFileReference; fileEncoding = 4; lastKnownFileType = text.plist.xml; path = Info.plist; sourceTree = "<group>"; };
		A93816DE207D25E100633284 /* XXBaseViewController.m */ = {isa = PBXFileReference; fileEncoding = 4; lastKnownFileType = sourcecode.c.objc; path = XXBaseViewController.m; sourceTree = "<group>"; };
		A93816DF207D25E100633284 /* XXBaseViewController.h */ = {isa = PBXFileReference; fileEncoding = 4; lastKnownFileType = sourcecode.c.h; path = XXBaseViewController.h; sourceTree = "<group>"; };
		A93816E22084CAD900633284 /* ShopCycleSelectCell.h */ = {isa = PBXFileReference; fileEncoding = 4; lastKnownFileType = sourcecode.c.h; path = ShopCycleSelectCell.h; sourceTree = "<group>"; };
		A93816E32084CAD900633284 /* ShopCycleSelectCell.m */ = {isa = PBXFileReference; fileEncoding = 4; lastKnownFileType = sourcecode.c.objc; path = ShopCycleSelectCell.m; sourceTree = "<group>"; };
		A93816E42084CAD900633284 /* ShopCycleSelectCell.xib */ = {isa = PBXFileReference; fileEncoding = 4; lastKnownFileType = file.xib; path = ShopCycleSelectCell.xib; sourceTree = "<group>"; };
		A93816E82084CEDC00633284 /* ShopCycleSelectVC.h */ = {isa = PBXFileReference; fileEncoding = 4; lastKnownFileType = sourcecode.c.h; path = ShopCycleSelectVC.h; sourceTree = "<group>"; };
		A93816EA2084CEDC00633284 /* ShopTimeSelectTool.h */ = {isa = PBXFileReference; fileEncoding = 4; lastKnownFileType = sourcecode.c.h; path = ShopTimeSelectTool.h; sourceTree = "<group>"; };
		A93816EC2084CEDC00633284 /* ShopStartTimeView.m */ = {isa = PBXFileReference; fileEncoding = 4; lastKnownFileType = sourcecode.c.objc; path = ShopStartTimeView.m; sourceTree = "<group>"; };
		A93816ED2084CEDC00633284 /* ShopCycleSelectHeaderView.m */ = {isa = PBXFileReference; fileEncoding = 4; lastKnownFileType = sourcecode.c.objc; path = ShopCycleSelectHeaderView.m; sourceTree = "<group>"; };
		A93816EE2084CEDC00633284 /* ShopCycleSelectVC.m */ = {isa = PBXFileReference; fileEncoding = 4; lastKnownFileType = sourcecode.c.objc; path = ShopCycleSelectVC.m; sourceTree = "<group>"; };
		A93816EF2084CEDC00633284 /* ShopTimeSelectTool.m */ = {isa = PBXFileReference; fileEncoding = 4; lastKnownFileType = sourcecode.c.objc; path = ShopTimeSelectTool.m; sourceTree = "<group>"; };
		A93816F02084CEDC00633284 /* ShopCycleSelectHeaderView.h */ = {isa = PBXFileReference; fileEncoding = 4; lastKnownFileType = sourcecode.c.h; path = ShopCycleSelectHeaderView.h; sourceTree = "<group>"; };
		A93816F12084CEDC00633284 /* ShopStartTimeView.h */ = {isa = PBXFileReference; fileEncoding = 4; lastKnownFileType = sourcecode.c.h; path = ShopStartTimeView.h; sourceTree = "<group>"; };
		A93816FB2084F59D00633284 /* AFSecurityPolicy.h */ = {isa = PBXFileReference; fileEncoding = 4; lastKnownFileType = sourcecode.c.h; path = AFSecurityPolicy.h; sourceTree = "<group>"; };
		A93816FC2084F59D00633284 /* AFNetworkReachabilityManager.h */ = {isa = PBXFileReference; fileEncoding = 4; lastKnownFileType = sourcecode.c.h; path = AFNetworkReachabilityManager.h; sourceTree = "<group>"; };
		A93816FD2084F59D00633284 /* AFURLSessionManager.h */ = {isa = PBXFileReference; fileEncoding = 4; lastKnownFileType = sourcecode.c.h; path = AFURLSessionManager.h; sourceTree = "<group>"; };
		A93816FE2084F59D00633284 /* AFURLRequestSerialization.h */ = {isa = PBXFileReference; fileEncoding = 4; lastKnownFileType = sourcecode.c.h; path = AFURLRequestSerialization.h; sourceTree = "<group>"; };
		A93816FF2084F59D00633284 /* AFURLResponseSerialization.m */ = {isa = PBXFileReference; fileEncoding = 4; lastKnownFileType = sourcecode.c.objc; path = AFURLResponseSerialization.m; sourceTree = "<group>"; };
		A93817002084F59D00633284 /* AFHTTPSessionManager.m */ = {isa = PBXFileReference; fileEncoding = 4; lastKnownFileType = sourcecode.c.objc; path = AFHTTPSessionManager.m; sourceTree = "<group>"; };
		A93817012084F59D00633284 /* AFURLResponseSerialization.h */ = {isa = PBXFileReference; fileEncoding = 4; lastKnownFileType = sourcecode.c.h; path = AFURLResponseSerialization.h; sourceTree = "<group>"; };
		A93817022084F59D00633284 /* AFURLSessionManager.m */ = {isa = PBXFileReference; fileEncoding = 4; lastKnownFileType = sourcecode.c.objc; path = AFURLSessionManager.m; sourceTree = "<group>"; };
		A93817032084F59D00633284 /* AFURLRequestSerialization.m */ = {isa = PBXFileReference; fileEncoding = 4; lastKnownFileType = sourcecode.c.objc; path = AFURLRequestSerialization.m; sourceTree = "<group>"; };
		A93817042084F59D00633284 /* AFNetworking.h */ = {isa = PBXFileReference; fileEncoding = 4; lastKnownFileType = sourcecode.c.h; path = AFNetworking.h; sourceTree = "<group>"; };
		A93817052084F59D00633284 /* AFNetworkReachabilityManager.m */ = {isa = PBXFileReference; fileEncoding = 4; lastKnownFileType = sourcecode.c.objc; path = AFNetworkReachabilityManager.m; sourceTree = "<group>"; };
		A93817062084F59D00633284 /* AFSecurityPolicy.m */ = {isa = PBXFileReference; fileEncoding = 4; lastKnownFileType = sourcecode.c.objc; path = AFSecurityPolicy.m; sourceTree = "<group>"; };
		A93817072084F59D00633284 /* AFCompatibilityMacros.h */ = {isa = PBXFileReference; fileEncoding = 4; lastKnownFileType = sourcecode.c.h; path = AFCompatibilityMacros.h; sourceTree = "<group>"; };
		A93817082084F59D00633284 /* AFHTTPSessionManager.h */ = {isa = PBXFileReference; fileEncoding = 4; lastKnownFileType = sourcecode.c.h; path = AFHTTPSessionManager.h; sourceTree = "<group>"; };
/* End PBXFileReference section */

/* Begin PBXFrameworksBuildPhase section */
		A9381675207CFF1D00633284 /* Frameworks */ = {
			isa = PBXFrameworksBuildPhase;
			buildActionMask = 2147483647;
			files = (
			);
			runOnlyForDeploymentPostprocessing = 0;
		};
/* End PBXFrameworksBuildPhase section */

/* Begin PBXGroup section */
		A938166F207CFF1D00633284 = {
			isa = PBXGroup;
			children = (
				A938167A207CFF1D00633284 /* ARSelectionCycle */,
				A9381679207CFF1D00633284 /* Products */,
			);
			sourceTree = "<group>";
		};
		A9381679207CFF1D00633284 /* Products */ = {
			isa = PBXGroup;
			children = (
				A9381678207CFF1D00633284 /* ARSelectionCycle.app */,
			);
			name = Products;
			sourceTree = "<group>";
		};
		A938167A207CFF1D00633284 /* ARSelectionCycle */ = {
			isa = PBXGroup;
			children = (
				A93816E12084C9A700633284 /* Tools */,
				A93816E72084CEDC00633284 /* ShopCycleSelect */,
				A93816DF207D25E100633284 /* XXBaseViewController.h */,
				A93816DE207D25E100633284 /* XXBaseViewController.m */,
				A938167B207CFF1D00633284 /* AppDelegate.h */,
				A938167C207CFF1D00633284 /* AppDelegate.m */,
				A938167E207CFF1D00633284 /* ViewController.h */,
				A938167F207CFF1D00633284 /* ViewController.m */,
				A93816E22084CAD900633284 /* ShopCycleSelectCell.h */,
				A93816E32084CAD900633284 /* ShopCycleSelectCell.m */,
				A93816E42084CAD900633284 /* ShopCycleSelectCell.xib */,
				A9381691207CFFE500633284 /* PrefixHeader.pch */,
				A9381681207CFF1D00633284 /* Main.storyboard */,
				A9381684207CFF1D00633284 /* Assets.xcassets */,
				A9381686207CFF1D00633284 /* LaunchScreen.storyboard */,
				A9381689207CFF1D00633284 /* Info.plist */,
				A938168A207CFF1D00633284 /* main.m */,
			);
			path = ARSelectionCycle;
			sourceTree = "<group>";
		};
		A93816AF207D1B3A00633284 /* NHHUDExtend */ = {
			isa = PBXGroup;
			children = (
				A93816B2207D1B3A00633284 /* MBProgressHUD */,
				A93816B0207D1B3A00633284 /* MBProgressHUD_NHExtend.h */,
				A93816B1207D1B3A00633284 /* MBProgressHUD+NHAdd.h */,
				A93816B5207D1B3A00633284 /* MBProgressHUD+NHAdd.m */,
			);
			path = NHHUDExtend;
			sourceTree = "<group>";
		};
		A93816B2207D1B3A00633284 /* MBProgressHUD */ = {
			isa = PBXGroup;
			children = (
				A93816B3207D1B3A00633284 /* MBProgressHUD.m */,
				A93816B4207D1B3A00633284 /* MBProgressHUD.h */,
			);
			path = MBProgressHUD;
			sourceTree = "<group>";
		};
		A93816B8207D218700633284 /* Masonry */ = {
			isa = PBXGroup;
			children = (
				A93816B9207D218700633284 /* MASCompositeConstraint.h */,
				A93816BA207D218700633284 /* NSLayoutConstraint+MASDebugAdditions.m */,
				A93816BB207D218700633284 /* MASConstraint+Private.h */,
				A93816BC207D218700633284 /* MASLayoutConstraint.h */,
				A93816BD207D218700633284 /* NSArray+MASShorthandAdditions.h */,
				A93816BE207D218700633284 /* MASConstraintMaker.h */,
				A93816BF207D218700633284 /* View+MASAdditions.h */,
				A93816C0207D218700633284 /* NSArray+MASAdditions.h */,
				A93816C1207D218700633284 /* MASUtilities.h */,
				A93816C2207D218700633284 /* MASViewAttribute.h */,
				A93816C3207D218700633284 /* ViewController+MASAdditions.m */,
				A93816C4207D218700633284 /* MASViewConstraint.h */,
				A93816C5207D218700633284 /* MASConstraint.h */,
				A93816C6207D218700633284 /* NSLayoutConstraint+MASDebugAdditions.h */,
				A93816C7207D218700633284 /* MASCompositeConstraint.m */,
				A93816C8207D218700633284 /* MASConstraintMaker.m */,
				A93816C9207D218700633284 /* MASLayoutConstraint.m */,
				A93816CA207D218700633284 /* NSArray+MASAdditions.m */,
				A93816CB207D218700633284 /* View+MASAdditions.m */,
				A93816CC207D218700633284 /* View+MASShorthandAdditions.h */,
				A93816CD207D218700633284 /* Masonry.h */,
				A93816CE207D218700633284 /* MASConstraint.m */,
				A93816CF207D218700633284 /* ViewController+MASAdditions.h */,
				A93816D0207D218700633284 /* MASViewConstraint.m */,
				A93816D1207D218700633284 /* MASViewAttribute.m */,
				A93816D2207D218700633284 /* Info.plist */,
			);
			path = Masonry;
			sourceTree = "<group>";
		};
		A93816E12084C9A700633284 /* Tools */ = {
			isa = PBXGroup;
			children = (
				A93816FA2084F59D00633284 /* AFNetworking */,
				A93816AF207D1B3A00633284 /* NHHUDExtend */,
				A93816B8207D218700633284 /* Masonry */,
			);
			path = Tools;
			sourceTree = "<group>";
		};
		A93816E72084CEDC00633284 /* ShopCycleSelect */ = {
			isa = PBXGroup;
			children = (
				A93816E82084CEDC00633284 /* ShopCycleSelectVC.h */,
				A93816EE2084CEDC00633284 /* ShopCycleSelectVC.m */,
				A93816EA2084CEDC00633284 /* ShopTimeSelectTool.h */,
				A93816EF2084CEDC00633284 /* ShopTimeSelectTool.m */,
				A93816F12084CEDC00633284 /* ShopStartTimeView.h */,
				A93816EC2084CEDC00633284 /* ShopStartTimeView.m */,
				A93816F02084CEDC00633284 /* ShopCycleSelectHeaderView.h */,
				A93816ED2084CEDC00633284 /* ShopCycleSelectHeaderView.m */,
			);
			name = ShopCycleSelect;
			path = ../../Venus/VensAppiOS/Shop/Controller/YXShop/ShopCycleSelect;
			sourceTree = "<group>";
		};
		A93816FA2084F59D00633284 /* AFNetworking */ = {
			isa = PBXGroup;
			children = (
				A93816FB2084F59D00633284 /* AFSecurityPolicy.h */,
				A93816FC2084F59D00633284 /* AFNetworkReachabilityManager.h */,
				A93816FD2084F59D00633284 /* AFURLSessionManager.h */,
				A93816FE2084F59D00633284 /* AFURLRequestSerialization.h */,
				A93816FF2084F59D00633284 /* AFURLResponseSerialization.m */,
				A93817002084F59D00633284 /* AFHTTPSessionManager.m */,
				A93817012084F59D00633284 /* AFURLResponseSerialization.h */,
				A93817022084F59D00633284 /* AFURLSessionManager.m */,
				A93817032084F59D00633284 /* AFURLRequestSerialization.m */,
				A93817042084F59D00633284 /* AFNetworking.h */,
				A93817052084F59D00633284 /* AFNetworkReachabilityManager.m */,
				A93817062084F59D00633284 /* AFSecurityPolicy.m */,
				A93817072084F59D00633284 /* AFCompatibilityMacros.h */,
				A93817082084F59D00633284 /* AFHTTPSessionManager.h */,
			);
			path = AFNetworking;
			sourceTree = "<group>";
		};
/* End PBXGroup section */

/* Begin PBXNativeTarget section */
		A9381677207CFF1D00633284 /* ARSelectionCycle */ = {
			isa = PBXNativeTarget;
			buildConfigurationList = A938168E207CFF1D00633284 /* Build configuration list for PBXNativeTarget "ARSelectionCycle" */;
			buildPhases = (
				A9381674207CFF1D00633284 /* Sources */,
				A9381675207CFF1D00633284 /* Frameworks */,
				A9381676207CFF1D00633284 /* Resources */,
			);
			buildRules = (
			);
			dependencies = (
			);
			name = ARSelectionCycle;
			productName = ARSelectionCycle;
			productReference = A9381678207CFF1D00633284 /* ARSelectionCycle.app */;
			productType = "com.apple.product-type.application";
		};
/* End PBXNativeTarget section */

/* Begin PBXProject section */
		A9381670207CFF1D00633284 /* Project object */ = {
			isa = PBXProject;
			attributes = {
				LastUpgradeCheck = 0920;
				ORGANIZATIONNAME = "黑色幽默";
				TargetAttributes = {
					A9381677207CFF1D00633284 = {
						CreatedOnToolsVersion = 9.2;
						ProvisioningStyle = Manual;
					};
				};
			};
			buildConfigurationList = A9381673207CFF1D00633284 /* Build configuration list for PBXProject "ARSelectionCycle" */;
			compatibilityVersion = "Xcode 8.0";
			developmentRegion = en;
			hasScannedForEncodings = 0;
			knownRegions = (
				en,
				Base,
			);
			mainGroup = A938166F207CFF1D00633284;
			productRefGroup = A9381679207CFF1D00633284 /* Products */;
			projectDirPath = "";
			projectRoot = "";
			targets = (
				A9381677207CFF1D00633284 /* ARSelectionCycle */,
			);
		};
/* End PBXProject section */

/* Begin PBXResourcesBuildPhase section */
		A9381676207CFF1D00633284 /* Resources */ = {
			isa = PBXResourcesBuildPhase;
			buildActionMask = 2147483647;
			files = (
				A9381688207CFF1D00633284 /* LaunchScreen.storyboard in Resources */,
				A9381685207CFF1D00633284 /* Assets.xcassets in Resources */,
				A93816E62084CAD900633284 /* ShopCycleSelectCell.xib in Resources */,
				A93816DD207D218700633284 /* Info.plist in Resources */,
				A9381683207CFF1D00633284 /* Main.storyboard in Resources */,
			);
			runOnlyForDeploymentPostprocessing = 0;
		};
/* End PBXResourcesBuildPhase section */

/* Begin PBXSourcesBuildPhase section */
		A9381674207CFF1D00633284 /* Sources */ = {
			isa = PBXSourcesBuildPhase;
			buildActionMask = 2147483647;
			files = (
				A93816F62084CEDC00633284 /* ShopCycleSelectHeaderView.m in Sources */,
				A93816D3207D218700633284 /* NSLayoutConstraint+MASDebugAdditions.m in Sources */,
				A93816DA207D218700633284 /* MASConstraint.m in Sources */,
				A93816DB207D218700633284 /* MASViewConstraint.m in Sources */,
				A93817092084F59D00633284 /* AFURLResponseSerialization.m in Sources */,
				A93816D4207D218700633284 /* ViewController+MASAdditions.m in Sources */,
				A93816DC207D218700633284 /* MASViewAttribute.m in Sources */,
				A93816F82084CEDC00633284 /* ShopTimeSelectTool.m in Sources */,
				A9381680207CFF1D00633284 /* ViewController.m in Sources */,
				A938170B2084F59D00633284 /* AFURLSessionManager.m in Sources */,
				A938170E2084F59D00633284 /* AFSecurityPolicy.m in Sources */,
				A93816D5207D218700633284 /* MASCompositeConstraint.m in Sources */,
				A93816D9207D218700633284 /* View+MASAdditions.m in Sources */,
				A938168B207CFF1D00633284 /* main.m in Sources */,
				A93816D7207D218700633284 /* MASLayoutConstraint.m in Sources */,
				A938170D2084F59D00633284 /* AFNetworkReachabilityManager.m in Sources */,
				A938170A2084F59D00633284 /* AFHTTPSessionManager.m in Sources */,
				A93816D6207D218700633284 /* MASConstraintMaker.m in Sources */,
				A93816F52084CEDC00633284 /* ShopStartTimeView.m in Sources */,
				A938170C2084F59D00633284 /* AFURLRequestSerialization.m in Sources */,
				A93816E0207D25E100633284 /* XXBaseViewController.m in Sources */,
				A93816B6207D1B3A00633284 /* MBProgressHUD.m in Sources */,
				A93816E52084CAD900633284 /* ShopCycleSelectCell.m in Sources */,
				A93816F72084CEDC00633284 /* ShopCycleSelectVC.m in Sources */,
				A93816D8207D218700633284 /* NSArray+MASAdditions.m in Sources */,
				A93816B7207D1B3A00633284 /* MBProgressHUD+NHAdd.m in Sources */,
				A938167D207CFF1D00633284 /* AppDelegate.m in Sources */,
			);
			runOnlyForDeploymentPostprocessing = 0;
		};
/* End PBXSourcesBuildPhase section */

/* Begin PBXVariantGroup section */
		A9381681207CFF1D00633284 /* Main.storyboard */ = {
			isa = PBXVariantGroup;
			children = (
				A9381682207CFF1D00633284 /* Base */,
			);
			name = Main.storyboard;
			sourceTree = "<group>";
		};
		A9381686207CFF1D00633284 /* LaunchScreen.storyboard */ = {
			isa = PBXVariantGroup;
			children = (
				A9381687207CFF1D00633284 /* Base */,
			);
			name = LaunchScreen.storyboard;
			sourceTree = "<group>";
		};
/* End PBXVariantGroup section */

/* Begin XCBuildConfiguration section */
		A938168C207CFF1D00633284 /* Debug */ = {
			isa = XCBuildConfiguration;
			buildSettings = {
				ALWAYS_SEARCH_USER_PATHS = NO;
				CLANG_ANALYZER_NONNULL = YES;
				CLANG_ANALYZER_NUMBER_OBJECT_CONVERSION = YES_AGGRESSIVE;
				CLANG_CXX_LANGUAGE_STANDARD = "gnu++14";
				CLANG_CXX_LIBRARY = "libc++";
				CLANG_ENABLE_MODULES = YES;
				CLANG_ENABLE_OBJC_ARC = YES;
				CLANG_WARN_BLOCK_CAPTURE_AUTORELEASING = YES;
				CLANG_WARN_BOOL_CONVERSION = YES;
				CLANG_WARN_COMMA = YES;
				CLANG_WARN_CONSTANT_CONVERSION = YES;
				CLANG_WARN_DIRECT_OBJC_ISA_USAGE = YES_ERROR;
				CLANG_WARN_DOCUMENTATION_COMMENTS = YES;
				CLANG_WARN_EMPTY_BODY = YES;
				CLANG_WARN_ENUM_CONVERSION = YES;
				CLANG_WARN_INFINITE_RECURSION = YES;
				CLANG_WARN_INT_CONVERSION = YES;
				CLANG_WARN_NON_LITERAL_NULL_CONVERSION = YES;
				CLANG_WARN_OBJC_LITERAL_CONVERSION = YES;
				CLANG_WARN_OBJC_ROOT_CLASS = YES_ERROR;
				CLANG_WARN_RANGE_LOOP_ANALYSIS = YES;
				CLANG_WARN_STRICT_PROTOTYPES = YES;
				CLANG_WARN_SUSPICIOUS_MOVE = YES;
				CLANG_WARN_UNGUARDED_AVAILABILITY = YES_AGGRESSIVE;
				CLANG_WARN_UNREACHABLE_CODE = YES;
				CLANG_WARN__DUPLICATE_METHOD_MATCH = YES;
				CODE_SIGN_IDENTITY = "iPhone Developer";
				COPY_PHASE_STRIP = NO;
				DEBUG_INFORMATION_FORMAT = dwarf;
				ENABLE_STRICT_OBJC_MSGSEND = YES;
				ENABLE_TESTABILITY = YES;
				GCC_C_LANGUAGE_STANDARD = gnu11;
				GCC_DYNAMIC_NO_PIC = NO;
				GCC_NO_COMMON_BLOCKS = YES;
				GCC_OPTIMIZATION_LEVEL = 0;
				GCC_PREPROCESSOR_DEFINITIONS = (
					"DEBUG=1",
					"$(inherited)",
				);
				GCC_WARN_64_TO_32_BIT_CONVERSION = YES;
				GCC_WARN_ABOUT_RETURN_TYPE = YES_ERROR;
				GCC_WARN_UNDECLARED_SELECTOR = YES;
				GCC_WARN_UNINITIALIZED_AUTOS = YES_AGGRESSIVE;
				GCC_WARN_UNUSED_FUNCTION = YES;
				GCC_WARN_UNUSED_VARIABLE = YES;
				IPHONEOS_DEPLOYMENT_TARGET = 8.0;
				MTL_ENABLE_DEBUG_INFO = YES;
				ONLY_ACTIVE_ARCH = YES;
				SDKROOT = iphoneos;
			};
			name = Debug;
		};
		A938168D207CFF1D00633284 /* Release */ = {
			isa = XCBuildConfiguration;
			buildSettings = {
				ALWAYS_SEARCH_USER_PATHS = NO;
				CLANG_ANALYZER_NONNULL = YES;
				CLANG_ANALYZER_NUMBER_OBJECT_CONVERSION = YES_AGGRESSIVE;
				CLANG_CXX_LANGUAGE_STANDARD = "gnu++14";
				CLANG_CXX_LIBRARY = "libc++";
				CLANG_ENABLE_MODULES = YES;
				CLANG_ENABLE_OBJC_ARC = YES;
				CLANG_WARN_BLOCK_CAPTURE_AUTORELEASING = YES;
				CLANG_WARN_BOOL_CONVERSION = YES;
				CLANG_WARN_COMMA = YES;
				CLANG_WARN_CONSTANT_CONVERSION = YES;
				CLANG_WARN_DIRECT_OBJC_ISA_USAGE = YES_ERROR;
				CLANG_WARN_DOCUMENTATION_COMMENTS = YES;
				CLANG_WARN_EMPTY_BODY = YES;
				CLANG_WARN_ENUM_CONVERSION = YES;
				CLANG_WARN_INFINITE_RECURSION = YES;
				CLANG_WARN_INT_CONVERSION = YES;
				CLANG_WARN_NON_LITERAL_NULL_CONVERSION = YES;
				CLANG_WARN_OBJC_LITERAL_CONVERSION = YES;
				CLANG_WARN_OBJC_ROOT_CLASS = YES_ERROR;
				CLANG_WARN_RANGE_LOOP_ANALYSIS = YES;
				CLANG_WARN_STRICT_PROTOTYPES = YES;
				CLANG_WARN_SUSPICIOUS_MOVE = YES;
				CLANG_WARN_UNGUARDED_AVAILABILITY = YES_AGGRESSIVE;
				CLANG_WARN_UNREACHABLE_CODE = YES;
				CLANG_WARN__DUPLICATE_METHOD_MATCH = YES;
				CODE_SIGN_IDENTITY = "iPhone Developer";
				COPY_PHASE_STRIP = NO;
				DEBUG_INFORMATION_FORMAT = "dwarf-with-dsym";
				ENABLE_NS_ASSERTIONS = NO;
				ENABLE_STRICT_OBJC_MSGSEND = YES;
				GCC_C_LANGUAGE_STANDARD = gnu11;
				GCC_NO_COMMON_BLOCKS = YES;
				GCC_WARN_64_TO_32_BIT_CONVERSION = YES;
				GCC_WARN_ABOUT_RETURN_TYPE = YES_ERROR;
				GCC_WARN_UNDECLARED_SELECTOR = YES;
				GCC_WARN_UNINITIALIZED_AUTOS = YES_AGGRESSIVE;
				GCC_WARN_UNUSED_FUNCTION = YES;
				GCC_WARN_UNUSED_VARIABLE = YES;
				IPHONEOS_DEPLOYMENT_TARGET = 8.0;
				MTL_ENABLE_DEBUG_INFO = NO;
				SDKROOT = iphoneos;
				VALIDATE_PRODUCT = YES;
			};
			name = Release;
		};
		A938168F207CFF1D00633284 /* Debug */ = {
			isa = XCBuildConfiguration;
			buildSettings = {
				ASSETCATALOG_COMPILER_APPICON_NAME = AppIcon;
				CODE_SIGN_STYLE = Manual;
				DEVELOPMENT_TEAM = "";
				GCC_PREFIX_HEADER = "$(SRCROOT)/ARSelectionCycle/PrefixHeader.pch";
				INFOPLIST_FILE = ARSelectionCycle/Info.plist;
				IPHONEOS_DEPLOYMENT_TARGET = 8.0;
				LD_RUNPATH_SEARCH_PATHS = "$(inherited) @executable_path/Frameworks";
				PRODUCT_BUNDLE_IDENTIFIER = com.bin.ARSelectionCycle;
				PRODUCT_NAME = "$(TARGET_NAME)";
				PROVISIONING_PROFILE_SPECIFIER = "";
				TARGETED_DEVICE_FAMILY = 1;
			};
			name = Debug;
		};
		A9381690207CFF1D00633284 /* Release */ = {
			isa = XCBuildConfiguration;
			buildSettings = {
				ASSETCATALOG_COMPILER_APPICON_NAME = AppIcon;
				CODE_SIGN_STYLE = Manual;
				DEVELOPMENT_TEAM = "";
				GCC_PREFIX_HEADER = "$(SRCROOT)/ARSelectionCycle/PrefixHeader.pch";
				INFOPLIST_FILE = ARSelectionCycle/Info.plist;
				IPHONEOS_DEPLOYMENT_TARGET = 8.0;
				LD_RUNPATH_SEARCH_PATHS = "$(inherited) @executable_path/Frameworks";
				PRODUCT_BUNDLE_IDENTIFIER = com.bin.ARSelectionCycle;
				PRODUCT_NAME = "$(TARGET_NAME)";
				PROVISIONING_PROFILE_SPECIFIER = "";
				TARGETED_DEVICE_FAMILY = 1;
			};
			name = Release;
		};
/* End XCBuildConfiguration section */

/* Begin XCConfigurationList section */
		A9381673207CFF1D00633284 /* Build configuration list for PBXProject "ARSelectionCycle" */ = {
			isa = XCConfigurationList;
			buildConfigurations = (
				A938168C207CFF1D00633284 /* Debug */,
				A938168D207CFF1D00633284 /* Release */,
			);
			defaultConfigurationIsVisible = 0;
			defaultConfigurationName = Release;
		};
		A938168E207CFF1D00633284 /* Build configuration list for PBXNativeTarget "ARSelectionCycle" */ = {
			isa = XCConfigurationList;
			buildConfigurations = (
				A938168F207CFF1D00633284 /* Debug */,
				A9381690207CFF1D00633284 /* Release */,
			);
			defaultConfigurationIsVisible = 0;
			defaultConfigurationName = Release;
		};
/* End XCConfigurationList section */
	};
	rootObject = A9381670207CFF1D00633284 /* Project object */;
}
